# THIS IS AN AUTOGENERATED FILE. DO NOT EDIT THIS FILE DIRECTLY.
# yarn lockfile v1


"@types/node-fetch@^2.1.4":
  version "2.1.4"
  resolved "https://registry.yarnpkg.com/@types/node-fetch/-/node-fetch-2.1.4.tgz#093d1beae11541aef25999d70aa09286fd025b1a"
  integrity sha512-tR1ekaXUGpmzOcDXWU9BW73YfA2/VW1DF1FH+wlJ82BbCSnWTbdX+JkqWQXWKIGsFPnPsYadbXfNgz28g+ccWg==
  dependencies:
    "@types/node" "*"

"@types/node@*":
  version "10.12.12"
  resolved "https://registry.yarnpkg.com/@types/node/-/node-10.12.12.tgz#e15a9d034d9210f00320ef718a50c4a799417c47"
  integrity sha512-Pr+6JRiKkfsFvmU/LK68oBRCQeEg36TyAbPhc2xpez24OOZZCuoIhWGTd39VZy6nGafSbxzGouFPTFD/rR1A0A==

"@types/ramda@^0.25.42":
  version "0.25.42"
  resolved "https://registry.yarnpkg.com/@types/ramda/-/ramda-0.25.42.tgz#bec6e54e168409f120a753621edf20cf4d1a4c08"
  integrity sha512-m8IcEWgJZTb47UARqp2d58f+C8yDxpTC6ElU/muO0z1bYhdgf6LHcO2SE9f1Mt3SJnKCh6GtjKEC99hq6vPnDA==

node-fetch@^2.3.0:
  version "2.3.0"
  resolved "https://registry.yarnpkg.com/node-fetch/-/node-fetch-2.3.0.tgz#1a1d940bbfb916a1d3e0219f037e89e71f8c5fa5"
  integrity sha512-MOd8pV3fxENbryESLgVIeaGKrdl+uaYhCSSVkjeOb/31/njTpcis5aWfdqgNlHIrKOLRbMnfPINPOML2CIFeXA==

ramda@^0.26.1:
  version "0.26.1"
  resolved "https://registry.yarnpkg.com/ramda/-/ramda-0.26.1.tgz#8d41351eb8111c55353617fc3bbffad8e4d35d06"
  integrity sha512-hLWjpy7EnsDBb0p+Z3B7rPi3GDeRG5ZtiI33kJhTt+ORCd38AbAIjB/9zRIUoeTbE/AVX5ZkU7m6bznsvrf8eQ==
